
Microsoft Visual Studio Solution File, Format Version 12.00
# Visual Studio Version 17
VisualStudioVersion = 17.13.35931.197 d17.13
MinimumVisualStudioVersion = 10.0.40219.1
Project("{FAE04EC0-301F-11D3-BF4B-00C04F79EFBC}") = "ExpenseManagement.API", "ExpenseManagement.API.csproj", "{2E51546E-CE53-4EDA-9F9E-80FCF80B35F8}"
EndProject
Project("{FAE04EC0-301F-11D3-BF4B-00C04F79EFBC}") = "ExpenseManagement.Domain", "..\ExpenseManagement.Domain\ExpenseManagement.Domain.csproj", "{94D3D883-BD22-4B43-AE79-4E9156829B0A}"
EndProject
Project("{FAE04EC0-301F-11D3-BF4B-00C04F79EFBC}") = "ExpenseManagement.Application", "..\ExpenseManagement.Application\ExpenseManagement.Application.csproj", "{3B6FDFEE-FC9A-4ADE-B692-C62B4FA69CB6}"
EndProject
Project("{FAE04EC0-301F-11D3-BF4B-00C04F79EFBC}") = "ExpenseManagement.Infrastructure", "..\ExpenseManagement.Infrastructure\ExpenseManagement.Infrastructure.csproj", "{E181ACC0-BBD7-4E1A-A0AF-A864CE4A366D}"
EndProject
Global
	GlobalSection(SolutionConfigurationPlatforms) = preSolution
		Debug|Any CPU = Debug|Any CPU
		Release|Any CPU = Release|Any CPU
	EndGlobalSection
	GlobalSection(ProjectConfigurationPlatforms) = postSolution
		{2E51546E-CE53-4EDA-9F9E-80FCF80B35F8}.Debug|Any CPU.ActiveCfg = Debug|Any CPU
		{2E51546E-CE53-4EDA-9F9E-80FCF80B35F8}.Debug|Any CPU.Build.0 = Debug|Any CPU
		{2E51546E-CE53-4EDA-9F9E-80FCF80B35F8}.Release|Any CPU.ActiveCfg = Release|Any CPU
		{2E51546E-CE53-4EDA-9F9E-80FCF80B35F8}.Release|Any CPU.Build.0 = Release|Any CPU
		{94D3D883-BD22-4B43-AE79-4E9156829B0A}.Debug|Any CPU.ActiveCfg = Debug|Any CPU
		{94D3D883-BD22-4B43-AE79-4E9156829B0A}.Debug|Any CPU.Build.0 = Debug|Any CPU
		{94D3D883-BD22-4B43-AE79-4E9156829B0A}.Release|Any CPU.ActiveCfg = Release|Any CPU
		{94D3D883-BD22-4B43-AE79-4E9156829B0A}.Release|Any CPU.Build.0 = Release|Any CPU
		{3B6FDFEE-FC9A-4ADE-B692-C62B4FA69CB6}.Debug|Any CPU.ActiveCfg = Debug|Any CPU
		{3B6FDFEE-FC9A-4ADE-B692-C62B4FA69CB6}.Debug|Any CPU.Build.0 = Debug|Any CPU
		{3B6FDFEE-FC9A-4ADE-B692-C62B4FA69CB6}.Release|Any CPU.ActiveCfg = Release|Any CPU
		{3B6FDFEE-FC9A-4ADE-B692-C62B4FA69CB6}.Release|Any CPU.Build.0 = Release|Any CPU
		{E181ACC0-BBD7-4E1A-A0AF-A864CE4A366D}.Debug|Any CPU.ActiveCfg = Debug|Any CPU
		{E181ACC0-BBD7-4E1A-A0AF-A864CE4A366D}.Debug|Any CPU.Build.0 = Debug|Any CPU
		{E181ACC0-BBD7-4E1A-A0AF-A864CE4A366D}.Release|Any CPU.ActiveCfg = Release|Any CPU
		{E181ACC0-BBD7-4E1A-A0AF-A864CE4A366D}.Release|Any CPU.Build.0 = Release|Any CPU
	EndGlobalSection
	GlobalSection(SolutionProperties) = preSolution
		HideSolutionNode = FALSE
	EndGlobalSection
	GlobalSection(ExtensibilityGlobals) = postSolution
		SolutionGuid = {2F0B8763-7E4A-4F33-A993-C5B27AF7733A}
	EndGlobalSection
EndGlobal
